{
  "version": "5",
  "specifiers": {
    "jsr:@std/cli@^1.0.21": "1.0.25",
    "jsr:@std/collections@^1.1.3": "1.1.3",
    "jsr:@std/encoding@1.0.10": "1.0.10",
    "jsr:@std/encoding@^1.0.10": "1.0.10",
    "jsr:@std/fmt@1.0.8": "1.0.8",
    "jsr:@std/fmt@^1.0.5": "1.0.8",
    "jsr:@std/fmt@^1.0.8": "1.0.8",
    "jsr:@std/front-matter@1.0.9": "1.0.9",
    "jsr:@std/fs@1.0.19": "1.0.19",
    "jsr:@std/fs@^1.0.11": "1.0.19",
    "jsr:@std/fs@^1.0.19": "1.0.19",
    "jsr:@std/html@1.0.5": "1.0.5",
    "jsr:@std/html@^1.0.4": "1.0.5",
    "jsr:@std/http@1.0.20": "1.0.20",
    "jsr:@std/internal@^1.0.10": "1.0.12",
    "jsr:@std/internal@^1.0.9": "1.0.12",
    "jsr:@std/io@~0.225.2": "0.225.2",
    "jsr:@std/log@0.224.14": "0.224.14",
    "jsr:@std/media-types@1.1.0": "1.1.0",
    "jsr:@std/media-types@^1.1.0": "1.1.0",
    "jsr:@std/net@^1.0.4": "1.0.6",
    "jsr:@std/path@1.1.1": "1.1.1",
    "jsr:@std/path@1.1.2": "1.1.2",
    "jsr:@std/path@^1.1.1": "1.1.2",
    "jsr:@std/streams@^1.0.10": "1.0.16",
    "jsr:@std/toml@^1.0.3": "1.0.11",
    "jsr:@std/yaml@1.0.10": "1.0.10",
    "jsr:@std/yaml@^1.0.5": "1.0.10",
    "npm:exifr@7.1.3": "7.1.3"
  },
  "jsr": {
    "@std/cli@1.0.25": {
      "integrity": "1f85051b370c97a7a9dfc6ba626e7ed57a91bea8c081597276d1e78d929d8c91"
    },
    "@std/collections@1.1.3": {
      "integrity": "bf8b0818886df6a32b64c7d3b037a425111f28278d69fd0995aeb62777c986b0"
    },
    "@std/encoding@1.0.10": {
      "integrity": "8783c6384a2d13abd5e9e87a7ae0520a30e9f56aeeaa3bdf910a3eaaf5c811a1"
    },
    "@std/fmt@1.0.8": {
      "integrity": "71e1fc498787e4434d213647a6e43e794af4fd393ef8f52062246e06f7e372b7"
    },
    "@std/front-matter@1.0.9": {
      "integrity": "ee6201d06674cbef137dda2252f62477450b48249e7d8d9ab57a30f85ff6f051",
      "dependencies": [
        "jsr:@std/toml",
        "jsr:@std/yaml@^1.0.5"
      ]
    },
    "@std/fs@1.0.19": {
      "integrity": "051968c2b1eae4d2ea9f79a08a3845740ef6af10356aff43d3e2ef11ed09fb06",
      "dependencies": [
        "jsr:@std/internal@^1.0.9",
        "jsr:@std/path@^1.1.1"
      ]
    },
    "@std/html@1.0.5": {
      "integrity": "4e2d693f474cae8c16a920fa5e15a3b72267b94b84667f11a50c6dd1cb18d35e"
    },
    "@std/http@1.0.20": {
      "integrity": "b5cc33fc001bccce65ed4c51815668c9891c69ccd908295997e983d8f56070a1",
      "dependencies": [
        "jsr:@std/cli",
        "jsr:@std/encoding@^1.0.10",
        "jsr:@std/fmt@^1.0.8",
        "jsr:@std/fs@^1.0.19",
        "jsr:@std/html@^1.0.4",
        "jsr:@std/media-types@^1.1.0",
        "jsr:@std/net",
        "jsr:@std/path@^1.1.1",
        "jsr:@std/streams"
      ]
    },
    "@std/internal@1.0.12": {
      "integrity": "972a634fd5bc34b242024402972cd5143eac68d8dffaca5eaa4dba30ce17b027"
    },
    "@std/io@0.225.2": {
      "integrity": "3c740cd4ee4c082e6cfc86458f47e2ab7cb353dc6234d5e9b1f91a2de5f4d6c7"
    },
    "@std/log@0.224.14": {
      "integrity": "257f7adceee3b53bb2bc86c7242e7d1bc59729e57d4981c4a7e5b876c808f05e",
      "dependencies": [
        "jsr:@std/fmt@^1.0.5",
        "jsr:@std/fs@^1.0.11",
        "jsr:@std/io"
      ]
    },
    "@std/media-types@1.1.0": {
      "integrity": "c9d093f0c05c3512932b330e3cc1fe1d627b301db33a4c2c2185c02471d6eaa4"
    },
    "@std/net@1.0.6": {
      "integrity": "110735f93e95bb9feb95790a8b1d1bf69ec0dc74f3f97a00a76ea5efea25500c"
    },
    "@std/path@1.1.1": {
      "integrity": "fe00026bd3a7e6a27f73709b83c607798be40e20c81dde655ce34052fd82ec76"
    },
    "@std/path@1.1.2": {
      "integrity": "c0b13b97dfe06546d5e16bf3966b1cadf92e1cc83e56ba5476ad8b498d9e3038",
      "dependencies": [
        "jsr:@std/internal@^1.0.10"
      ]
    },
    "@std/streams@1.0.16": {
      "integrity": "85030627befb1767c60d4f65cb30fa2f94af1d6ee6e5b2515b76157a542e89c4"
    },
    "@std/toml@1.0.11": {
      "integrity": "e084988b872ca4bad6aedfb7350f6eeed0e8ba88e9ee5e1590621c5b5bb8f715",
      "dependencies": [
        "jsr:@std/collections"
      ]
    },
    "@std/yaml@1.0.10": {
      "integrity": "245706ea3511cc50c8c6d00339c23ea2ffa27bd2c7ea5445338f8feff31fa58e"
    }
  },
  "npm": {
    "exifr@7.1.3": {
      "integrity": "sha512-g/aje2noHivrRSLbAUtBPWFbxKdKhgj/xr1vATDdUXPOFYJlQ62Ft0oy+72V6XLIpDJfHs6gXLbBLAolqOXYRw=="
    }
  },
  "remote": {
    "https://cdn.jsdelivr.net/gh/lumeland/cms@0.14.2/core/cms.ts": "8608f24b354e14491ad08adc139a493a4058f7832925d54f568cb68b368f4f18",
    "https://cdn.jsdelivr.net/gh/lumeland/cms@0.14.2/core/collection.ts": "7162df184a22f83729d3f84742b30f1ab57c432ad959ba311a7a4e0eeb5170e6",
    "https://cdn.jsdelivr.net/gh/lumeland/cms@0.14.2/core/document.ts": "71f6a93b28e6c7a98a6a0350021f52777a383cd1e9106f8189baa1e740e55d1d",
    "https://cdn.jsdelivr.net/gh/lumeland/cms@0.14.2/core/git.ts": "c58ac9002b87250f0089e4c10e064b93dfa075ec6aecc3d48dfc28629b97b26c",
    "https://cdn.jsdelivr.net/gh/lumeland/cms@0.14.2/core/routes/collection.ts": "ce5d4922bacd48c96cbddcf2f2d2ffd5becc554c09d1c2eaaecfe9934d535993",
    "https://cdn.jsdelivr.net/gh/lumeland/cms@0.14.2/core/routes/document.ts": "a9a93a99011f384b48ee12e8b9cbb74cc1b08af09d2b1bfb49a9169ba6b7d049",
    "https://cdn.jsdelivr.net/gh/lumeland/cms@0.14.2/core/routes/index.ts": "3b39fd367bca58404dcafad844c7415528c2b3f7c5adcb74b84097ff23671ff3",
    "https://cdn.jsdelivr.net/gh/lumeland/cms@0.14.2/core/routes/uploads.ts": "0bac9cb4fcff3c96e31a9dbc933c5da2de6da1f1a233df1cda8bf9c458106d85",
    "https://cdn.jsdelivr.net/gh/lumeland/cms@0.14.2/core/routes/versions.ts": "63a6ed266433fa97323483e34b7adb4a97aed2e9f1046437e7865b12a408cc27",
    "https://cdn.jsdelivr.net/gh/lumeland/cms@0.14.2/core/templates/tree.ts": "daf31cf394a5c9e5ac7e6bdb7d3a03a73a62cf21c7fff77af60b4c67c352ed6d",
    "https://cdn.jsdelivr.net/gh/lumeland/cms@0.14.2/core/upload.ts": "cac242a85902a66e1d3e5810d8f9f4068670c6d47709d140f344cc34db3e9dc1",
    "https://cdn.jsdelivr.net/gh/lumeland/cms@0.14.2/core/user.ts": "04d2925d3ff554c5231335608212ad5f24d46790f64c89b8d8064dd882552d92",
    "https://cdn.jsdelivr.net/gh/lumeland/cms@0.14.2/core/utils/data.ts": "dcaa2565dfb968f02164eca44998d719b59e92cd8b523d0ead56fc13b49b3a99",
    "https://cdn.jsdelivr.net/gh/lumeland/cms@0.14.2/core/utils/env.ts": "723cb01d9509e0942a32ff568314b5ac27152c94e0070dc0cd6a706c74f33a62",
    "https://cdn.jsdelivr.net/gh/lumeland/cms@0.14.2/core/utils/path.ts": "a80076f7f350fc348c5b07d59cf5bf2b0c41af6893a3238003e6be707b830faf",
    "https://cdn.jsdelivr.net/gh/lumeland/cms@0.14.2/core/utils/string.ts": "34eef99ec86c9cf6df0dbe50beed11be4f3aa2a9af5948d6ec13934f72395208",
    "https://cdn.jsdelivr.net/gh/lumeland/cms@0.14.2/deps/exifr.ts": "6f3ef7ff9d4e90301aeb960f3b7ddda4febfd8fa736b4e7e3d4bc4d35f403b0e",
    "https://cdn.jsdelivr.net/gh/lumeland/cms@0.14.2/deps/galo.ts": "2de30151cb2cea927e1f23c3fd907224096d0ded770f9003e32ee875d9f6531d",
    "https://cdn.jsdelivr.net/gh/lumeland/cms@0.14.2/deps/imagick.ts": "2139888db067202c5f0e545cb031ce3b2056cb033427d93996046c475ce86e25",
    "https://cdn.jsdelivr.net/gh/lumeland/cms@0.14.2/deps/std.ts": "9dc5c21cd9cc791566fcb22c55b284f5421f00ffab88de863ded51c9c1864621",
    "https://cdn.jsdelivr.net/gh/lumeland/cms@0.14.2/deps/vento.ts": "c7366a2a2b58ac003274638ad8f065b24287b2608211697395e48833a3a4f38c",
    "https://cdn.jsdelivr.net/gh/lumeland/cms@0.14.2/fields/checkbox.ts": "e18af75a1d30130189458ffde7bdb552cccd00c642f5d941f252da8a4e3250de",
    "https://cdn.jsdelivr.net/gh/lumeland/cms@0.14.2/fields/choose-list.ts": "ff6e4f0ea68ad3d71c6bf907f7fd16dddcbd880a389c362f8c9ea8116a766822",
    "https://cdn.jsdelivr.net/gh/lumeland/cms@0.14.2/fields/choose.ts": "36256153e5399f71db922c9c55a9d015a66618e6f7bdecc2f371921620d0873d",
    "https://cdn.jsdelivr.net/gh/lumeland/cms@0.14.2/fields/code.ts": "5befd70f07f65082236af869a3a716e766ad116612cb012784b2e4edc9ef7f96",
    "https://cdn.jsdelivr.net/gh/lumeland/cms@0.14.2/fields/color.ts": "86cbe038bd921818ea8f6febbc3abde7c5e7be5b95b9daa699ff3c4a1e69bea1",
    "https://cdn.jsdelivr.net/gh/lumeland/cms@0.14.2/fields/current-datetime.ts": "51d15d720ba1c856f40c8e3f1b527737eba0e35f6f2c992697972637f1afb58c",
    "https://cdn.jsdelivr.net/gh/lumeland/cms@0.14.2/fields/date.ts": "1cf0e7f19751a39d2a5c1b26c52b30ec614c35048edd3bcb6b543391e0250fd9",
    "https://cdn.jsdelivr.net/gh/lumeland/cms@0.14.2/fields/datetime.ts": "fd709355eea48e1ce80e150876476bd339b192a31e0922892fed9539bfde6cb9",
    "https://cdn.jsdelivr.net/gh/lumeland/cms@0.14.2/fields/email.ts": "d0d35e653a4d654133ebafe0f207d7aceca368f661ff21e0dfcf140644c7c497",
    "https://cdn.jsdelivr.net/gh/lumeland/cms@0.14.2/fields/file-list.ts": "9a60cb2d3daa55fa56e2faf30fdad9f7cfd4c54cf64ea5f6ba979a49f9be3bd2",
    "https://cdn.jsdelivr.net/gh/lumeland/cms@0.14.2/fields/file.ts": "1a9fdf16668d8dc33ff3e05560bfef49268bdf4505216655dc660d1075318780",
    "https://cdn.jsdelivr.net/gh/lumeland/cms@0.14.2/fields/hidden.ts": "800792dc3eff2735581964b43e1059bbd1e2523cf2f38c65ff0522c1032f73b2",
    "https://cdn.jsdelivr.net/gh/lumeland/cms@0.14.2/fields/list.ts": "b1f939919e5270d65aefdd5946349511817c4786877ccbe5497936161295f9e4",
    "https://cdn.jsdelivr.net/gh/lumeland/cms@0.14.2/fields/markdown.ts": "2b4f0b0c3abe7d154dbc4c20f5ffa93f8aa85a720e0dead36fdb0acc5db3aebb",
    "https://cdn.jsdelivr.net/gh/lumeland/cms@0.14.2/fields/number.ts": "1d5483bfe8f77a93dfcd440a8ea921e0516675ad079b2402db0317d9482e0a87",
    "https://cdn.jsdelivr.net/gh/lumeland/cms@0.14.2/fields/object-list.ts": "24cb3545affc7a6147f5d8dcf23ed84106a5938ff4f4d3db182a64c8466d3a08",
    "https://cdn.jsdelivr.net/gh/lumeland/cms@0.14.2/fields/object.ts": "908d7a03e21f9c6cd359fcb92f77ae9c757ca0712bc4f82ff0cc694a2e76f110",
    "https://cdn.jsdelivr.net/gh/lumeland/cms@0.14.2/fields/radio.ts": "6ab756c399af19ce697be43f3980b1de91859b8b4b8fba30a1dd0e9d5493f937",
    "https://cdn.jsdelivr.net/gh/lumeland/cms@0.14.2/fields/relation-list.ts": "28593392fbe8239848b7b1a30ce2e0535cb3957bcffeb533263fa09ee9842ddb",
    "https://cdn.jsdelivr.net/gh/lumeland/cms@0.14.2/fields/relation.ts": "b2b0c035a6ede591fc19cadb3bf4827d1ea5e4f482f16cd7125de0a4864a45f6",
    "https://cdn.jsdelivr.net/gh/lumeland/cms@0.14.2/fields/rich-text.ts": "d627638d8dface7415f5291fc26b00a96e5ef348b64dca161738d267f1bdc26a",
    "https://cdn.jsdelivr.net/gh/lumeland/cms@0.14.2/fields/select.ts": "3ebe717a7833233fe77ba64d13b62444e5ec4e67366f9c38572c3a06aeb1175d",
    "https://cdn.jsdelivr.net/gh/lumeland/cms@0.14.2/fields/text.ts": "ff0d6cd231fc991317981b4c2d730ad2cf8e2ada83f6f14ea5e9d59b66f68e74",
    "https://cdn.jsdelivr.net/gh/lumeland/cms@0.14.2/fields/textarea.ts": "8a656176a2cd1d27091ecf373a9dfd9516df6f14c7a6a27eaec7dc59f3994fa5",
    "https://cdn.jsdelivr.net/gh/lumeland/cms@0.14.2/fields/time.ts": "ac0cdd50c5a479636dcf99a40b36d1db2d00a19e63ee98ae1272d75f92794130",
    "https://cdn.jsdelivr.net/gh/lumeland/cms@0.14.2/fields/url.ts": "ecfa6617e2ce19226190fd927939beec45461af5267314409ec0fff4642aa969",
    "https://cdn.jsdelivr.net/gh/lumeland/cms@0.14.2/fields/utils.ts": "37960438d59d7572d07d39f889831985d6f8240ea5cfaaaa69e5e09abc1545bf",
    "https://cdn.jsdelivr.net/gh/lumeland/cms@0.14.2/mod.ts": "becd2ccf67068021ea4ab6dc866da14011be9125b27ad0bf16e08f3499a9d0ec",
    "https://cdn.jsdelivr.net/gh/lumeland/cms@0.14.2/storage/fs.ts": "fb41db668a0dd38193c97dbc9d246d148c752f46d4e7837853f9f9ac410f7a51",
    "https://cdn.jsdelivr.net/gh/lumeland/cms@0.14.2/storage/transformers/front_matter.ts": "cfb9b748010edb22535ba7fa8ea777d60ac727e905294e50920e7837d9d5d977",
    "https://cdn.jsdelivr.net/gh/lumeland/cms@0.14.2/storage/transformers/json.ts": "afde08a10207587fbdfa4fcc7c6790b92b70331572810d8a70df33fe2c1013ca",
    "https://cdn.jsdelivr.net/gh/lumeland/cms@0.14.2/storage/transformers/mod.ts": "7eda6aa39026dc1ddcf062a2426d9d657770c77eec4be00f750be6001f80d56b",
    "https://cdn.jsdelivr.net/gh/lumeland/cms@0.14.2/storage/transformers/transform_error.js": "712c6ccdb6782c30a4646f3f8130f4a7b5bd6e34d88d8f4bbb0075ec376ce8b0",
    "https://cdn.jsdelivr.net/gh/lumeland/cms@0.14.2/storage/transformers/yaml.ts": "a8f541990b0976a8a630cf1e2b678c8db998f79f4b97fcbf4a613a12c2b85ca6",
    "https://cdn.jsdelivr.net/npm/@imagemagick/magick-wasm@0.0.37/dist/index.js": "49631995f63ec187fc2eee91abee8e651751adfa42d011ba4bda76da14ae1a92",
    "https://deno.land/x/galo@v0.3.2/mod.ts": "4d90228ca0a4c42216a8fa4ceae90a4b771f9cbb494d913c88a656d39c0ffbf0",
    "https://deno.land/x/vento@v2.2.0/core/environment.ts": "140076e560d4d6e3ab8ecfee28fd10909d9c0f680138129a908a61076b52f768",
    "https://deno.land/x/vento@v2.2.0/core/errors.ts": "8606b682b465d598a394feea135dd2f84033b5ef2a61a23d116ccb782a0a547a",
    "https://deno.land/x/vento@v2.2.0/core/js.ts": "83084240150d7e8b83e43ec8fcf78564a8ba8599c3d517976efbb11b208903b2",
    "https://deno.land/x/vento@v2.2.0/core/reserved.ts": "e3ccafb4e5524b9c51fa14fa0e4bf17fd9bdd791848f17afa2aeb97835c486d1",
    "https://deno.land/x/vento@v2.2.0/core/tokenizer.ts": "460faa3de0e561e5046c46528c8bcbfc46b9de576af7ec8c4a8954a61a80ec76",
    "https://deno.land/x/vento@v2.2.0/loaders/url.ts": "8ea4c993dd63e3e62aeb07cf95c004aad0a3454a931b31688fb625db1c25f19d",
    "https://deno.land/x/vento@v2.2.0/loaders/utils.ts": "e15617bc4860ad91ae41316470a288d93dca918aaf34e4cd5f535c9133be6dac",
    "https://deno.land/x/vento@v2.2.0/plugins/echo.ts": "26109b7d47d33621dd764136be665052a48b3e68aeda2bd961504702f14c829f",
    "https://deno.land/x/vento@v2.2.0/plugins/escape.ts": "1db6eb7b22f88bbf94d21636c9b156ec4868e10bbcfa7dc5eae7113c36ef7b8a",
    "https://deno.land/x/vento@v2.2.0/plugins/export.ts": "c1f25c8e1e35027cc21e780f8fb3961febec4771463eb262959fbf035b8b8a63",
    "https://deno.land/x/vento@v2.2.0/plugins/for.ts": "a893a3de2c5cab43d5018cb80718ea46377c172d550e7a8ead076f00c58d59bf",
    "https://deno.land/x/vento@v2.2.0/plugins/function.ts": "472bdbe0bffb7d38c59003b02510cf85a78a35927219bc6a02ac2d4fde8b6597",
    "https://deno.land/x/vento@v2.2.0/plugins/if.ts": "db13776a5b9e7988f65c27943c344bec7463c5f3162a06cc4da1a313d7109195",
    "https://deno.land/x/vento@v2.2.0/plugins/import.ts": "b6fb6cc922c0897d15918d10766bbbd51069336780acdc8bbf23922ed870a1b3",
    "https://deno.land/x/vento@v2.2.0/plugins/include.ts": "0f473f75064be27d3c53329f2769bf0cc8bd520f04432ef94d99ebeae2e51ad1",
    "https://deno.land/x/vento@v2.2.0/plugins/js.ts": "f5a7fd8cc48cb1b1dc0b396e3d1fee4664cf28932dc5f5f301e38243e0e987dc",
    "https://deno.land/x/vento@v2.2.0/plugins/layout.ts": "09e4b29614c66847b4d9fac4f5eb3edae9159a9a85e2d22058b722ac84f367ea",
    "https://deno.land/x/vento@v2.2.0/plugins/mod.ts": "017d5bb3e3c80b7f67271cdf8779686f55916070c5d168a143e6a37c35bcd731",
    "https://deno.land/x/vento@v2.2.0/plugins/set.ts": "cbe42b771a04203b6fc1c178e655fa2536ab90ae67e52c083cf7c71f37c62711",
    "https://deno.land/x/vento@v2.2.0/plugins/trim.ts": "8d33271327b09ffd8f569ebde85125b1324fa9538a54d6072ac97a9fb5d24264",
    "https://deno.land/x/vento@v2.2.0/plugins/unescape.ts": "1c56f0310c7757880df7684fc6b7bf9efd27fdb6b929b89626802f5a99cb93ee",
    "https://deno.land/x/vento@v2.2.0/web.ts": "472c305137a7bce6ead1b7ddbeb3f27409f11fa468ea050b6cdd34346ed2ae01"
  }
}
